// !$*UTF8*$!
{
	archiveVersion = 1;
	classes = {
	};
	objectVersion = 55;
	objects = {

/* Begin PBXBuildFile section */
		E14CE1D82892562100F03298 /* SplashScreenView.swift in Sources */ = {isa = PBXBuildFile; fileRef = E14CE1D72892562100F03298 /* SplashScreenView.swift */; };
		E152C38F2889478600458B83 /* Nano_Challenge_2App.swift in Sources */ = {isa = PBXBuildFile; fileRef = E152C38E2889478600458B83 /* Nano_Challenge_2App.swift */; };
		E152C3912889478600458B83 /* ContentView.swift in Sources */ = {isa = PBXBuildFile; fileRef = E152C3902889478600458B83 /* ContentView.swift */; };
		E152C3932889478700458B83 /* Assets.xcassets in Resources */ = {isa = PBXBuildFile; fileRef = E152C3922889478700458B83 /* Assets.xcassets */; };
		E152C3962889478700458B83 /* Preview Assets.xcassets in Resources */ = {isa = PBXBuildFile; fileRef = E152C3952889478700458B83 /* Preview Assets.xcassets */; };
		E152C3A02889478800458B83 /* Nano_Challenge_2Tests.swift in Sources */ = {isa = PBXBuildFile; fileRef = E152C39F2889478800458B83 /* Nano_Challenge_2Tests.swift */; };
		E152C3AA2889478800458B83 /* Nano_Challenge_2UITests.swift in Sources */ = {isa = PBXBuildFile; fileRef = E152C3A92889478800458B83 /* Nano_Challenge_2UITests.swift */; };
		E152C3AC2889478800458B83 /* Nano_Challenge_2UITestsLaunchTests.swift in Sources */ = {isa = PBXBuildFile; fileRef = E152C3AB2889478800458B83 /* Nano_Challenge_2UITestsLaunchTests.swift */; };
		E154F3FE2890FDD30016AF72 /* Intro.swift in Sources */ = {isa = PBXBuildFile; fileRef = E154F3FD2890FDD30016AF72 /* Intro.swift */; };
		E154F4002890FEAF0016AF72 /* OffsetPageTabView.swift in Sources */ = {isa = PBXBuildFile; fileRef = E154F3FF2890FEAF0016AF72 /* OffsetPageTabView.swift */; };
		E154F402289136420016AF72 /* LayoutOrganizationPage.swift in Sources */ = {isa = PBXBuildFile; fileRef = E154F401289136420016AF72 /* LayoutOrganizationPage.swift */; };
		E1673E85288FEF9F00DC4BDA /* Onboarding3.swift in Sources */ = {isa = PBXBuildFile; fileRef = E1673E84288FEF9F00DC4BDA /* Onboarding3.swift */; };
		E1673E87288FEFAE00DC4BDA /* Onboarding1.swift in Sources */ = {isa = PBXBuildFile; fileRef = E1673E86288FEFAE00DC4BDA /* Onboarding1.swift */; };
		E1673E89288FF04A00DC4BDA /* Onboarding2.swift in Sources */ = {isa = PBXBuildFile; fileRef = E1673E88288FF04A00DC4BDA /* Onboarding2.swift */; };
		E1673E8B288FF30200DC4BDA /* Extensions.swift in Sources */ = {isa = PBXBuildFile; fileRef = E1673E8A288FF30200DC4BDA /* Extensions.swift */; };
		E1673E8D2890003F00DC4BDA /* Onboarding4.swift in Sources */ = {isa = PBXBuildFile; fileRef = E1673E8C2890003F00DC4BDA /* Onboarding4.swift */; };
		E1DECAE42890450A00DBA4E4 /* Home.swift in Sources */ = {isa = PBXBuildFile; fileRef = E1DECAE32890450A00DBA4E4 /* Home.swift */; };
		E1DECAE62890473C00DBA4E4 /* LessonCompleted.swift in Sources */ = {isa = PBXBuildFile; fileRef = E1DECAE52890473C00DBA4E4 /* LessonCompleted.swift */; };
		E1DECAE828904D9D00DBA4E4 /* ContentPage.swift in Sources */ = {isa = PBXBuildFile; fileRef = E1DECAE728904D9D00DBA4E4 /* ContentPage.swift */; };
		E1DECAEA28904DC200DBA4E4 /* ImageViewPage.swift in Sources */ = {isa = PBXBuildFile; fileRef = E1DECAE928904DC200DBA4E4 /* ImageViewPage.swift */; };
		E1DECAEC28904DDA00DBA4E4 /* QuestionsOne.swift in Sources */ = {isa = PBXBuildFile; fileRef = E1DECAEB28904DDA00DBA4E4 /* QuestionsOne.swift */; };
		E1DECAEE28904DE400DBA4E4 /* QuestionsTwo.swift in Sources */ = {isa = PBXBuildFile; fileRef = E1DECAED28904DE400DBA4E4 /* QuestionsTwo.swift */; };
		E1DECAF028904DEE00DBA4E4 /* QuestionsThree.swift in Sources */ = {isa = PBXBuildFile; fileRef = E1DECAEF28904DEE00DBA4E4 /* QuestionsThree.swift */; };
		E1DECAF428904E5900DBA4E4 /* ProfilePage.swift in Sources */ = {isa = PBXBuildFile; fileRef = E1DECAF328904E5900DBA4E4 /* ProfilePage.swift */; };
/* End PBXBuildFile section */

/* Begin PBXContainerItemProxy section */
		E152C39C2889478800458B83 /* PBXContainerItemProxy */ = {
			isa = PBXContainerItemProxy;
			containerPortal = E152C3832889478600458B83 /* Project object */;
			proxyType = 1;
			remoteGlobalIDString = E152C38A2889478600458B83;
			remoteInfo = "Nano Challenge 2";
		};
		E152C3A62889478800458B83 /* PBXContainerItemProxy */ = {
			isa = PBXContainerItemProxy;
			containerPortal = E152C3832889478600458B83 /* Project object */;
			proxyType = 1;
			remoteGlobalIDString = E152C38A2889478600458B83;
			remoteInfo = "Nano Challenge 2";
		};
/* End PBXContainerItemProxy section */

/* Begin PBXFileReference section */
		E14CE1D72892562100F03298 /* SplashScreenView.swift */ = {isa = PBXFileReference; lastKnownFileType = sourcecode.swift; path = SplashScreenView.swift; sourceTree = "<group>"; };
		E152C38B2889478600458B83 /* Nano Challenge 2.app */ = {isa = PBXFileReference; explicitFileType = wrapper.application; includeInIndex = 0; path = "Nano Challenge 2.app"; sourceTree = BUILT_PRODUCTS_DIR; };
		E152C38E2889478600458B83 /* Nano_Challenge_2App.swift */ = {isa = PBXFileReference; lastKnownFileType = sourcecode.swift; path = Nano_Challenge_2App.swift; sourceTree = "<group>"; };
		E152C3902889478600458B83 /* ContentView.swift */ = {isa = PBXFileReference; lastKnownFileType = sourcecode.swift; path = ContentView.swift; sourceTree = "<group>"; };
		E152C3922889478700458B83 /* Assets.xcassets */ = {isa = PBXFileReference; lastKnownFileType = folder.assetcatalog; path = Assets.xcassets; sourceTree = "<group>"; };
		E152C3952889478700458B83 /* Preview Assets.xcassets */ = {isa = PBXFileReference; lastKnownFileType = folder.assetcatalog; path = "Preview Assets.xcassets"; sourceTree = "<group>"; };
		E152C39B2889478700458B83 /* Nano Challenge 2Tests.xctest */ = {isa = PBXFileReference; explicitFileType = wrapper.cfbundle; includeInIndex = 0; path = "Nano Challenge 2Tests.xctest"; sourceTree = BUILT_PRODUCTS_DIR; };
		E152C39F2889478800458B83 /* Nano_Challenge_2Tests.swift */ = {isa = PBXFileReference; lastKnownFileType = sourcecode.swift; path = Nano_Challenge_2Tests.swift; sourceTree = "<group>"; };
		E152C3A52889478800458B83 /* Nano Challenge 2UITests.xctest */ = {isa = PBXFileReference; explicitFileType = wrapper.cfbundle; includeInIndex = 0; path = "Nano Challenge 2UITests.xctest"; sourceTree = BUILT_PRODUCTS_DIR; };
		E152C3A92889478800458B83 /* Nano_Challenge_2UITests.swift */ = {isa = PBXFileReference; lastKnownFileType = sourcecode.swift; path = Nano_Challenge_2UITests.swift; sourceTree = "<group>"; };
		E152C3AB2889478800458B83 /* Nano_Challenge_2UITestsLaunchTests.swift */ = {isa = PBXFileReference; lastKnownFileType = sourcecode.swift; path = Nano_Challenge_2UITestsLaunchTests.swift; sourceTree = "<group>"; };
		E154F3FD2890FDD30016AF72 /* Intro.swift */ = {isa = PBXFileReference; lastKnownFileType = sourcecode.swift; path = Intro.swift; sourceTree = "<group>"; };
		E154F3FF2890FEAF0016AF72 /* OffsetPageTabView.swift */ = {isa = PBXFileReference; lastKnownFileType = sourcecode.swift; path = OffsetPageTabView.swift; sourceTree = "<group>"; };
		E154F401289136420016AF72 /* LayoutOrganizationPage.swift */ = {isa = PBXFileReference; lastKnownFileType = sourcecode.swift; path = LayoutOrganizationPage.swift; sourceTree = "<group>"; };
		E1673E84288FEF9F00DC4BDA /* Onboarding3.swift */ = {isa = PBXFileReference; lastKnownFileType = sourcecode.swift; path = Onboarding3.swift; sourceTree = "<group>"; };
		E1673E86288FEFAE00DC4BDA /* Onboarding1.swift */ = {isa = PBXFileReference; lastKnownFileType = sourcecode.swift; path = Onboarding1.swift; sourceTree = "<group>"; };
		E1673E88288FF04A00DC4BDA /* Onboarding2.swift */ = {isa = PBXFileReference; lastKnownFileType = sourcecode.swift; path = Onboarding2.swift; sourceTree = "<group>"; };
		E1673E8A288FF30200DC4BDA /* Extensions.swift */ = {isa = PBXFileReference; lastKnownFileType = sourcecode.swift; path = Extensions.swift; sourceTree = "<group>"; };
		E1673E8C2890003F00DC4BDA /* Onboarding4.swift */ = {isa = PBXFileReference; lastKnownFileType = sourcecode.swift; path = Onboarding4.swift; sourceTree = "<group>"; };
		E1DECAE32890450A00DBA4E4 /* Home.swift */ = {isa = PBXFileReference; lastKnownFileType = sourcecode.swift; path = Home.swift; sourceTree = "<group>"; };
		E1DECAE52890473C00DBA4E4 /* LessonCompleted.swift */ = {isa = PBXFileReference; lastKnownFileType = sourcecode.swift; path = LessonCompleted.swift; sourceTree = "<group>"; };
		E1DECAE728904D9D00DBA4E4 /* ContentPage.swift */ = {isa = PBXFileReference; lastKnownFileType = sourcecode.swift; path = ContentPage.swift; sourceTree = "<group>"; };
		E1DECAE928904DC200DBA4E4 /* ImageViewPage.swift */ = {isa = PBXFileReference; lastKnownFileType = sourcecode.swift; path = ImageViewPage.swift; sourceTree = "<group>"; };
		E1DECAEB28904DDA00DBA4E4 /* QuestionsOne.swift */ = {isa = PBXFileReference; lastKnownFileType = sourcecode.swift; path = QuestionsOne.swift; sourceTree = "<group>"; };
		E1DECAED28904DE400DBA4E4 /* QuestionsTwo.swift */ = {isa = PBXFileReference; lastKnownFileType = sourcecode.swift; path = QuestionsTwo.swift; sourceTree = "<group>"; };
		E1DECAEF28904DEE00DBA4E4 /* QuestionsThree.swift */ = {isa = PBXFileReference; lastKnownFileType = sourcecode.swift; path = QuestionsThree.swift; sourceTree = "<group>"; };
		E1DECAF328904E5900DBA4E4 /* ProfilePage.swift */ = {isa = PBXFileReference; lastKnownFileType = sourcecode.swift; path = ProfilePage.swift; sourceTree = "<group>"; };
/* End PBXFileReference section */

/* Begin PBXFrameworksBuildPhase section */
		E152C3882889478600458B83 /* Frameworks */ = {
			isa = PBXFrameworksBuildPhase;
			buildActionMask = 2147483647;
			files = (
			);
			runOnlyForDeploymentPostprocessing = 0;
		};
		E152C3982889478700458B83 /* Frameworks */ = {
			isa = PBXFrameworksBuildPhase;
			buildActionMask = 2147483647;
			files = (
			);
			runOnlyForDeploymentPostprocessing = 0;
		};
		E152C3A22889478800458B83 /* Frameworks */ = {
			isa = PBXFrameworksBuildPhase;
			buildActionMask = 2147483647;
			files = (
			);
			runOnlyForDeploymentPostprocessing = 0;
		};
/* End PBXFrameworksBuildPhase section */

/* Begin PBXGroup section */
		E152C3822889478600458B83 = {
			isa = PBXGroup;
			children = (
				E152C38D2889478600458B83 /* Nano Challenge 2 */,
				E152C39E2889478800458B83 /* Nano Challenge 2Tests */,
				E152C3A82889478800458B83 /* Nano Challenge 2UITests */,
				E152C38C2889478600458B83 /* Products */,
			);
			sourceTree = "<group>";
		};
		E152C38C2889478600458B83 /* Products */ = {
			isa = PBXGroup;
			children = (
				E152C38B2889478600458B83 /* Nano Challenge 2.app */,
				E152C39B2889478700458B83 /* Nano Challenge 2Tests.xctest */,
				E152C3A52889478800458B83 /* Nano Challenge 2UITests.xctest */,
			);
			name = Products;
			sourceTree = "<group>";
		};
		E152C38D2889478600458B83 /* Nano Challenge 2 */ = {
			isa = PBXGroup;
			children = (
				E152C3922889478700458B83 /* Assets.xcassets */,
				E152C38E2889478600458B83 /* Nano_Challenge_2App.swift */,
				E152C3902889478600458B83 /* ContentView.swift */,
				E1673E8A288FF30200DC4BDA /* Extensions.swift */,
				E154F3FD2890FDD30016AF72 /* Intro.swift */,
				E154F3FF2890FEAF0016AF72 /* OffsetPageTabView.swift */,
				E1673E86288FEFAE00DC4BDA /* Onboarding1.swift */,
				E1673E88288FF04A00DC4BDA /* Onboarding2.swift */,
				E1673E84288FEF9F00DC4BDA /* Onboarding3.swift */,
				E1673E8C2890003F00DC4BDA /* Onboarding4.swift */,
				E1DECAE32890450A00DBA4E4 /* Home.swift */,
				E1DECAE728904D9D00DBA4E4 /* ContentPage.swift */,
				E154F401289136420016AF72 /* LayoutOrganizationPage.swift */,
				E1DECAE928904DC200DBA4E4 /* ImageViewPage.swift */,
				E1DECAEB28904DDA00DBA4E4 /* QuestionsOne.swift */,
				E1DECAED28904DE400DBA4E4 /* QuestionsTwo.swift */,
				E1DECAEF28904DEE00DBA4E4 /* QuestionsThree.swift */,
				E1DECAE52890473C00DBA4E4 /* LessonCompleted.swift */,
				E1DECAF328904E5900DBA4E4 /* ProfilePage.swift */,
				E152C3942889478700458B83 /* Preview Content */,
				E14CE1D72892562100F03298 /* SplashScreenView.swift */,
			);
			path = "Nano Challenge 2";
			sourceTree = "<group>";
		};
		E152C3942889478700458B83 /* Preview Content */ = {
			isa = PBXGroup;
			children = (
				E152C3952889478700458B83 /* Preview Assets.xcassets */,
			);
			path = "Preview Content";
			sourceTree = "<group>";
		};
		E152C39E2889478800458B83 /* Nano Challenge 2Tests */ = {
			isa = PBXGroup;
			children = (
				E152C39F2889478800458B83 /* Nano_Challenge_2Tests.swift */,
			);
			path = "Nano Challenge 2Tests";
			sourceTree = "<group>";
		};
		E152C3A82889478800458B83 /* Nano Challenge 2UITests */ = {
			isa = PBXGroup;
			children = (
				E152C3A92889478800458B83 /* Nano_Challenge_2UITests.swift */,
				E152C3AB2889478800458B83 /* Nano_Challenge_2UITestsLaunchTests.swift */,
			);
			path = "Nano Challenge 2UITests";
			sourceTree = "<group>";
		};
/* End PBXGroup section */

/* Begin PBXNativeTarget section */
		E152C38A2889478600458B83 /* Nano Challenge 2 */ = {
			isa = PBXNativeTarget;
			buildConfigurationList = E152C3AF2889478800458B83 /* Build configuration list for PBXNativeTarget "Nano Challenge 2" */;
			buildPhases = (
				E152C3872889478600458B83 /* Sources */,
				E152C3882889478600458B83 /* Frameworks */,
				E152C3892889478600458B83 /* Resources */,
			);
			buildRules = (
			);
			dependencies = (
			);
			name = "Nano Challenge 2";
			productName = "Nano Challenge 2";
			productReference = E152C38B2889478600458B83 /* Nano Challenge 2.app */;
			productType = "com.apple.product-type.application";
		};
		E152C39A2889478700458B83 /* Nano Challenge 2Tests */ = {
			isa = PBXNativeTarget;
			buildConfigurationList = E152C3B22889478800458B83 /* Build configuration list for PBXNativeTarget "Nano Challenge 2Tests" */;
			buildPhases = (
				E152C3972889478700458B83 /* Sources */,
				E152C3982889478700458B83 /* Frameworks */,
				E152C3992889478700458B83 /* Resources */,
			);
			buildRules = (
			);
			dependencies = (
				E152C39D2889478800458B83 /* PBXTargetDependency */,
			);
			name = "Nano Challenge 2Tests";
			productName = "Nano Challenge 2Tests";
			productReference = E152C39B2889478700458B83 /* Nano Challenge 2Tests.xctest */;
			productType = "com.apple.product-type.bundle.unit-test";
		};
		E152C3A42889478800458B83 /* Nano Challenge 2UITests */ = {
			isa = PBXNativeTarget;
			buildConfigurationList = E152C3B52889478800458B83 /* Build configuration list for PBXNativeTarget "Nano Challenge 2UITests" */;
			buildPhases = (
				E152C3A12889478800458B83 /* Sources */,
				E152C3A22889478800458B83 /* Frameworks */,
				E152C3A32889478800458B83 /* Resources */,
			);
			buildRules = (
			);
			dependencies = (
				E152C3A72889478800458B83 /* PBXTargetDependency */,
			);
			name = "Nano Challenge 2UITests";
			productName = "Nano Challenge 2UITests";
			productReference = E152C3A52889478800458B83 /* Nano Challenge 2UITests.xctest */;
			productType = "com.apple.product-type.bundle.ui-testing";
		};
/* End PBXNativeTarget section */

/* Begin PBXProject section */
		E152C3832889478600458B83 /* Project object */ = {
			isa = PBXProject;
			attributes = {
				BuildIndependentTargetsInParallel = 1;
				LastSwiftUpdateCheck = 1340;
				LastUpgradeCheck = 1340;
				TargetAttributes = {
					E152C38A2889478600458B83 = {
						CreatedOnToolsVersion = 13.4.1;
					};
					E152C39A2889478700458B83 = {
						CreatedOnToolsVersion = 13.4.1;
						TestTargetID = E152C38A2889478600458B83;
					};
					E152C3A42889478800458B83 = {
						CreatedOnToolsVersion = 13.4.1;
						TestTargetID = E152C38A2889478600458B83;
					};
				};
			};
			buildConfigurationList = E152C3862889478600458B83 /* Build configuration list for PBXProject "Nano Challenge 2" */;
			compatibilityVersion = "Xcode 13.0";
			developmentRegion = en;
			hasScannedForEncodings = 0;
			knownRegions = (
				en,
				Base,
			);
			mainGroup = E152C3822889478600458B83;
			productRefGroup = E152C38C2889478600458B83 /* Products */;
			projectDirPath = "";
			projectRoot = "";
			targets = (
				E152C38A2889478600458B83 /* Nano Challenge 2 */,
				E152C39A2889478700458B83 /* Nano Challenge 2Tests */,
				E152C3A42889478800458B83 /* Nano Challenge 2UITests */,
			);
		};
/* End PBXProject section */

/* Begin PBXResourcesBuildPhase section */
		E152C3892889478600458B83 /* Resources */ = {
			isa = PBXResourcesBuildPhase;
			buildActionMask = 2147483647;
			files = (
				E152C3962889478700458B83 /* Preview Assets.xcassets in Resources */,
				E152C3932889478700458B83 /* Assets.xcassets in Resources */,
			);
			runOnlyForDeploymentPostprocessing = 0;
		};
		E152C3992889478700458B83 /* Resources */ = {
			isa = PBXResourcesBuildPhase;
			buildActionMask = 2147483647;
			files = (
			);
			runOnlyForDeploymentPostprocessing = 0;
		};
		E152C3A32889478800458B83 /* Resources */ = {
			isa = PBXResourcesBuildPhase;
			buildActionMask = 2147483647;
			files = (
			);
			runOnlyForDeploymentPostprocessing = 0;
		};
/* End PBXResourcesBuildPhase section */

/* Begin PBXSourcesBuildPhase section */
		E152C3872889478600458B83 /* Sources */ = {
			isa = PBXSourcesBuildPhase;
			buildActionMask = 2147483647;
			files = (
				E1DECAEE28904DE400DBA4E4 /* QuestionsTwo.swift in Sources */,
				E1DECAE828904D9D00DBA4E4 /* ContentPage.swift in Sources */,
				E154F3FE2890FDD30016AF72 /* Intro.swift in Sources */,
				E152C3912889478600458B83 /* ContentView.swift in Sources */,
				E1673E8B288FF30200DC4BDA /* Extensions.swift in Sources */,
				E1673E87288FEFAE00DC4BDA /* Onboarding1.swift in Sources */,
				E1673E89288FF04A00DC4BDA /* Onboarding2.swift in Sources */,
				E154F4002890FEAF0016AF72 /* OffsetPageTabView.swift in Sources */,
				E152C38F2889478600458B83 /* Nano_Challenge_2App.swift in Sources */,
				E1DECAEC28904DDA00DBA4E4 /* QuestionsOne.swift in Sources */,
				E1DECAE62890473C00DBA4E4 /* LessonCompleted.swift in Sources */,
				E1DECAEA28904DC200DBA4E4 /* ImageViewPage.swift in Sources */,
				E1DECAF028904DEE00DBA4E4 /* QuestionsThree.swift in Sources */,
				E1673E85288FEF9F00DC4BDA /* Onboarding3.swift in Sources */,
				E1DECAF428904E5900DBA4E4 /* ProfilePage.swift in Sources */,
				E154F402289136420016AF72 /* LayoutOrganizationPage.swift in Sources */,
				E14CE1D82892562100F03298 /* SplashScreenView.swift in Sources */,
				E1DECAE42890450A00DBA4E4 /* Home.swift in Sources */,
				E1673E8D2890003F00DC4BDA /* Onboarding4.swift in Sources */,
			);
			runOnlyForDeploymentPostprocessing = 0;
		};
		E152C3972889478700458B83 /* Sources */ = {
			isa = PBXSourcesBuildPhase;
			buildActionMask = 2147483647;
			files = (
				E152C3A02889478800458B83 /* Nano_Challenge_2Tests.swift in Sources */,
			);
			runOnlyForDeploymentPostprocessing = 0;
		};
		E152C3A12889478800458B83 /* Sources */ = {
			isa = PBXSourcesBuildPhase;
			buildActionMask = 2147483647;
			files = (
				E152C3AA2889478800458B83 /* Nano_Challenge_2UITests.swift in Sources */,
				E152C3AC2889478800458B83 /* Nano_Challenge_2UITestsLaunchTests.swift in Sources */,
			);
			runOnlyForDeploymentPostprocessing = 0;
		};
/* End PBXSourcesBuildPhase section */

/* Begin PBXTargetDependency section */
		E152C39D2889478800458B83 /* PBXTargetDependency */ = {
			isa = PBXTargetDependency;
			target = E152C38A2889478600458B83 /* Nano Challenge 2 */;
			targetProxy = E152C39C2889478800458B83 /* PBXContainerItemProxy */;
		};
		E152C3A72889478800458B83 /* PBXTargetDependency */ = {
			isa = PBXTargetDependency;
			target = E152C38A2889478600458B83 /* Nano Challenge 2 */;
			targetProxy = E152C3A62889478800458B83 /* PBXContainerItemProxy */;
		};
/* End PBXTargetDependency section */

/* Begin XCBuildConfiguration section */
		E152C3AD2889478800458B83 /* Debug */ = {
			isa = XCBuildConfiguration;
			buildSettings = {
				ALWAYS_SEARCH_USER_PATHS = NO;
				CLANG_ANALYZER_NONNULL = YES;
				CLANG_ANALYZER_NUMBER_OBJECT_CONVERSION = YES_AGGRESSIVE;
				CLANG_CXX_LANGUAGE_STANDARD = "gnu++17";
				CLANG_ENABLE_MODULES = YES;
				CLANG_ENABLE_OBJC_ARC = YES;
				CLANG_ENABLE_OBJC_WEAK = YES;
				CLANG_WARN_BLOCK_CAPTURE_AUTORELEASING = YES;
				CLANG_WARN_BOOL_CONVERSION = YES;
				CLANG_WARN_COMMA = YES;
				CLANG_WARN_CONSTANT_CONVERSION = YES;
				CLANG_WARN_DEPRECATED_OBJC_IMPLEMENTATIONS = YES;
				CLANG_WARN_DIRECT_OBJC_ISA_USAGE = YES_ERROR;
				CLANG_WARN_DOCUMENTATION_COMMENTS = YES;
				CLANG_WARN_EMPTY_BODY = YES;
				CLANG_WARN_ENUM_CONVERSION = YES;
				CLANG_WARN_INFINITE_RECURSION = YES;
				CLANG_WARN_INT_CONVERSION = YES;
				CLANG_WARN_NON_LITERAL_NULL_CONVERSION = YES;
				CLANG_WARN_OBJC_IMPLICIT_RETAIN_SELF = YES;
				CLANG_WARN_OBJC_LITERAL_CONVERSION = YES;
				CLANG_WARN_OBJC_ROOT_CLASS = YES_ERROR;
				CLANG_WARN_QUOTED_INCLUDE_IN_FRAMEWORK_HEADER = YES;
				CLANG_WARN_RANGE_LOOP_ANALYSIS = YES;
				CLANG_WARN_STRICT_PROTOTYPES = YES;
				CLANG_WARN_SUSPICIOUS_MOVE = YES;
				CLANG_WARN_UNGUARDED_AVAILABILITY = YES_AGGRESSIVE;
				CLANG_WARN_UNREACHABLE_CODE = YES;
				CLANG_WARN__DUPLICATE_METHOD_MATCH = YES;
				COPY_PHASE_STRIP = NO;
				DEBUG_INFORMATION_FORMAT = dwarf;
				ENABLE_STRICT_OBJC_MSGSEND = YES;
				ENABLE_TESTABILITY = YES;
				GCC_C_LANGUAGE_STANDARD = gnu11;
				GCC_DYNAMIC_NO_PIC = NO;
				GCC_NO_COMMON_BLOCKS = YES;
				GCC_OPTIMIZATION_LEVEL = 0;
				GCC_PREPROCESSOR_DEFINITIONS = (
					"DEBUG=1",
					"$(inherited)",
				);
				GCC_WARN_64_TO_32_BIT_CONVERSION = YES;
				GCC_WARN_ABOUT_RETURN_TYPE = YES_ERROR;
				GCC_WARN_UNDECLARED_SELECTOR = YES;
				GCC_WARN_UNINITIALIZED_AUTOS = YES_AGGRESSIVE;
				GCC_WARN_UNUSED_FUNCTION = YES;
				GCC_WARN_UNUSED_VARIABLE = YES;
				IPHONEOS_DEPLOYMENT_TARGET = 15.5;
				MTL_ENABLE_DEBUG_INFO = INCLUDE_SOURCE;
				MTL_FAST_MATH = YES;
				ONLY_ACTIVE_ARCH = YES;
				SDKROOT = iphoneos;
				SWIFT_ACTIVE_COMPILATION_CONDITIONS = DEBUG;
				SWIFT_OPTIMIZATION_LEVEL = "-Onone";
			};
			name = Debug;
		};
		E152C3AE2889478800458B83 /* Release */ = {
			isa = XCBuildConfiguration;
			buildSettings = {
				ALWAYS_SEARCH_USER_PATHS = NO;
				CLANG_ANALYZER_NONNULL = YES;
				CLANG_ANALYZER_NUMBER_OBJECT_CONVERSION = YES_AGGRESSIVE;
				CLANG_CXX_LANGUAGE_STANDARD = "gnu++17";
				CLANG_ENABLE_MODULES = YES;
				CLANG_ENABLE_OBJC_ARC = YES;
				CLANG_ENABLE_OBJC_WEAK = YES;
				CLANG_WARN_BLOCK_CAPTURE_AUTORELEASING = YES;
				CLANG_WARN_BOOL_CONVERSION = YES;
				CLANG_WARN_COMMA = YES;
				CLANG_WARN_CONSTANT_CONVERSION = YES;
				CLANG_WARN_DEPRECATED_OBJC_IMPLEMENTATIONS = YES;
				CLANG_WARN_DIRECT_OBJC_ISA_USAGE = YES_ERROR;
				CLANG_WARN_DOCUMENTATION_COMMENTS = YES;
				CLANG_WARN_EMPTY_BODY = YES;
				CLANG_WARN_ENUM_CONVERSION = YES;
				CLANG_WARN_INFINITE_RECURSION = YES;
				CLANG_WARN_INT_CONVERSION = YES;
				CLANG_WARN_NON_LITERAL_NULL_CONVERSION = YES;
				CLANG_WARN_OBJC_IMPLICIT_RETAIN_SELF = YES;
				CLANG_WARN_OBJC_LITERAL_CONVERSION = YES;
				CLANG_WARN_OBJC_ROOT_CLASS = YES_ERROR;
				CLANG_WARN_QUOTED_INCLUDE_IN_FRAMEWORK_HEADER = YES;
				CLANG_WARN_RANGE_LOOP_ANALYSIS = YES;
				CLANG_WARN_STRICT_PROTOTYPES = YES;
				CLANG_WARN_SUSPICIOUS_MOVE = YES;
				CLANG_WARN_UNGUARDED_AVAILABILITY = YES_AGGRESSIVE;
				CLANG_WARN_UNREACHABLE_CODE = YES;
				CLANG_WARN__DUPLICATE_METHOD_MATCH = YES;
				COPY_PHASE_STRIP = NO;
				DEBUG_INFORMATION_FORMAT = "dwarf-with-dsym";
				ENABLE_NS_ASSERTIONS = NO;
				ENABLE_STRICT_OBJC_MSGSEND = YES;
				GCC_C_LANGUAGE_STANDARD = gnu11;
				GCC_NO_COMMON_BLOCKS = YES;
				GCC_WARN_64_TO_32_BIT_CONVERSION = YES;
				GCC_WARN_ABOUT_RETURN_TYPE = YES_ERROR;
				GCC_WARN_UNDECLARED_SELECTOR = YES;
				GCC_WARN_UNINITIALIZED_AUTOS = YES_AGGRESSIVE;
				GCC_WARN_UNUSED_FUNCTION = YES;
				GCC_WARN_UNUSED_VARIABLE = YES;
				IPHONEOS_DEPLOYMENT_TARGET = 15.5;
				MTL_ENABLE_DEBUG_INFO = NO;
				MTL_FAST_MATH = YES;
				SDKROOT = iphoneos;
				SWIFT_COMPILATION_MODE = wholemodule;
				SWIFT_OPTIMIZATION_LEVEL = "-O";
				VALIDATE_PRODUCT = YES;
			};
			name = Release;
		};
		E152C3B02889478800458B83 /* Debug */ = {
			isa = XCBuildConfiguration;
			buildSettings = {
				ASSETCATALOG_COMPILER_APPICON_NAME = AppIcon;
				ASSETCATALOG_COMPILER_GLOBAL_ACCENT_COLOR_NAME = AccentColor;
				CODE_SIGN_STYLE = Automatic;
				CURRENT_PROJECT_VERSION = 1;
				DEVELOPMENT_ASSET_PATHS = "\"Nano Challenge 2/Preview Content\"";
				DEVELOPMENT_TEAM = BGK6NN8568;
				ENABLE_PREVIEWS = YES;
				GENERATE_INFOPLIST_FILE = YES;
				INFOPLIST_KEY_UIApplicationSceneManifest_Generation = YES;
				INFOPLIST_KEY_UIApplicationSupportsIndirectInputEvents = YES;
				INFOPLIST_KEY_UILaunchScreen_Generation = YES;
				INFOPLIST_KEY_UISupportedInterfaceOrientations_iPad = "UIInterfaceOrientationPortrait UIInterfaceOrientationPortraitUpsideDown UIInterfaceOrientationLandscapeLeft UIInterfaceOrientationLandscapeRight";
				INFOPLIST_KEY_UISupportedInterfaceOrientations_iPhone = "UIInterfaceOrientationPortrait UIInterfaceOrientationLandscapeLeft UIInterfaceOrientationLandscapeRight";
				LD_RUNPATH_SEARCH_PATHS = (
					"$(inherited)",
					"@executable_path/Frameworks",
				);
				MARKETING_VERSION = 1.0;
				PRODUCT_BUNDLE_IDENTIFIER = "Felicia-Prisqilla.Nano-Challenge-2";
				PRODUCT_NAME = "$(TARGET_NAME)";
				SWIFT_EMIT_LOC_STRINGS = YES;
				SWIFT_VERSION = 5.0;
				TARGETED_DEVICE_FAMILY = "1,2";
			};
			name = Debug;
		};
		E152C3B12889478800458B83 /* Release */ = {
			isa = XCBuildConfiguration;
			buildSettings = {
				ASSETCATALOG_COMPILER_APPICON_NAME = AppIcon;
				ASSETCATALOG_COMPILER_GLOBAL_ACCENT_COLOR_NAME = AccentColor;
				CODE_SIGN_STYLE = Automatic;
				CURRENT_PROJECT_VERSION = 1;
				DEVELOPMENT_ASSET_PATHS = "\"Nano Challenge 2/Preview Content\"";
				DEVELOPMENT_TEAM = BGK6NN8568;
				ENABLE_PREVIEWS = YES;
				GENERATE_INFOPLIST_FILE = YES;
				INFOPLIST_KEY_UIApplicationSceneManifest_Generation = YES;
				INFOPLIST_KEY_UIApplicationSupportsIndirectInputEvents = YES;
				INFOPLIST_KEY_UILaunchScreen_Generation = YES;
				INFOPLIST_KEY_UISupportedInterfaceOrientations_iPad = "UIInterfaceOrientationPortrait UIInterfaceOrientationPortraitUpsideDown UIInterfaceOrientationLandscapeLeft UIInterfaceOrientationLandscapeRight";
				INFOPLIST_KEY_UISupportedInterfaceOrientations_iPhone = "UIInterfaceOrientationPortrait UIInterfaceOrientationLandscapeLeft UIInterfaceOrientationLandscapeRight";
				LD_RUNPATH_SEARCH_PATHS = (
					"$(inherited)",
					"@executable_path/Frameworks",
				);
				MARKETING_VERSION = 1.0;
				PRODUCT_BUNDLE_IDENTIFIER = "Felicia-Prisqilla.Nano-Challenge-2";
				PRODUCT_NAME = "$(TARGET_NAME)";
				SWIFT_EMIT_LOC_STRINGS = YES;
				SWIFT_VERSION = 5.0;
				TARGETED_DEVICE_FAMILY = "1,2";
			};
			name = Release;
		};
		E152C3B32889478800458B83 /* Debug */ = {
			isa = XCBuildConfiguration;
			buildSettings = {
				ALWAYS_EMBED_SWIFT_STANDARD_LIBRARIES = YES;
				BUNDLE_LOADER = "$(TEST_HOST)";
				CODE_SIGN_STYLE = Automatic;
				CURRENT_PROJECT_VERSION = 1;
				DEVELOPMENT_TEAM = BGK6NN8568;
				GENERATE_INFOPLIST_FILE = YES;
				IPHONEOS_DEPLOYMENT_TARGET = 15.5;
				MARKETING_VERSION = 1.0;
				PRODUCT_BUNDLE_IDENTIFIER = "Felicia-Prisqilla.Nano-Challenge-2Tests";
				PRODUCT_NAME = "$(TARGET_NAME)";
				SWIFT_EMIT_LOC_STRINGS = NO;
				SWIFT_VERSION = 5.0;
				TARGETED_DEVICE_FAMILY = "1,2";
				TEST_HOST = "$(BUILT_PRODUCTS_DIR)/Nano Challenge 2.app/Nano Challenge 2";
			};
			name = Debug;
		};
		E152C3B42889478800458B83 /* Release */ = {
			isa = XCBuildConfiguration;
			buildSettings = {
				ALWAYS_EMBED_SWIFT_STANDARD_LIBRARIES = YES;
				BUNDLE_LOADER = "$(TEST_HOST)";
				CODE_SIGN_STYLE = Automatic;
				CURRENT_PROJECT_VERSION = 1;
				DEVELOPMENT_TEAM = BGK6NN8568;
				GENERATE_INFOPLIST_FILE = YES;
				IPHONEOS_DEPLOYMENT_TARGET = 15.5;
				MARKETING_VERSION = 1.0;
				PRODUCT_BUNDLE_IDENTIFIER = "Felicia-Prisqilla.Nano-Challenge-2Tests";
				PRODUCT_NAME = "$(TARGET_NAME)";
				SWIFT_EMIT_LOC_STRINGS = NO;
				SWIFT_VERSION = 5.0;
				TARGETED_DEVICE_FAMILY = "1,2";
				TEST_HOST = "$(BUILT_PRODUCTS_DIR)/Nano Challenge 2.app/Nano Challenge 2";
			};
			name = Release;
		};
		E152C3B62889478800458B83 /* Debug */ = {
			isa = XCBuildConfiguration;
			buildSettings = {
				ALWAYS_EMBED_SWIFT_STANDARD_LIBRARIES = YES;
				CODE_SIGN_STYLE = Automatic;
				CURRENT_PROJECT_VERSION = 1;
				DEVELOPMENT_TEAM = BGK6NN8568;
				GENERATE_INFOPLIST_FILE = YES;
				MARKETING_VERSION = 1.0;
				PRODUCT_BUNDLE_IDENTIFIER = "Felicia-Prisqilla.Nano-Challenge-2UITests";
				PRODUCT_NAME = "$(TARGET_NAME)";
				SWIFT_EMIT_LOC_STRINGS = NO;
				SWIFT_VERSION = 5.0;
				TARGETED_DEVICE_FAMILY = "1,2";
				TEST_TARGET_NAME = "Nano Challenge 2";
			};
			name = Debug;
		};
		E152C3B72889478800458B83 /* Release */ = {
			isa = XCBuildConfiguration;
			buildSettings = {
				ALWAYS_EMBED_SWIFT_STANDARD_LIBRARIES = YES;
				CODE_SIGN_STYLE = Automatic;
				CURRENT_PROJECT_VERSION = 1;
				DEVELOPMENT_TEAM = BGK6NN8568;
				GENERATE_INFOPLIST_FILE = YES;
				MARKETING_VERSION = 1.0;
				PRODUCT_BUNDLE_IDENTIFIER = "Felicia-Prisqilla.Nano-Challenge-2UITests";
				PRODUCT_NAME = "$(TARGET_NAME)";
				SWIFT_EMIT_LOC_STRINGS = NO;
				SWIFT_VERSION = 5.0;
				TARGETED_DEVICE_FAMILY = "1,2";
				TEST_TARGET_NAME = "Nano Challenge 2";
			};
			name = Release;
		};
/* End XCBuildConfiguration section */

/* Begin XCConfigurationList section */
		E152C3862889478600458B83 /* Build configuration list for PBXProject "Nano Challenge 2" */ = {
			isa = XCConfigurationList;
			buildConfigurations = (
				E152C3AD2889478800458B83 /* Debug */,
				E152C3AE2889478800458B83 /* Release */,
			);
			defaultConfigurationIsVisible = 0;
			defaultConfigurationName = Release;
		};
		E152C3AF2889478800458B83 /* Build configuration list for PBXNativeTarget "Nano Challenge 2" */ = {
			isa = XCConfigurationList;
			buildConfigurations = (
				E152C3B02889478800458B83 /* Debug */,
				E152C3B12889478800458B83 /* Release */,
			);
			defaultConfigurationIsVisible = 0;
			defaultConfigurationName = Release;
		};
		E152C3B22889478800458B83 /* Build configuration list for PBXNativeTarget "Nano Challenge 2Tests" */ = {
			isa = XCConfigurationList;
			buildConfigurations = (
				E152C3B32889478800458B83 /* Debug */,
				E152C3B42889478800458B83 /* Release */,
			);
			defaultConfigurationIsVisible = 0;
			defaultConfigurationName = Release;
		};
		E152C3B52889478800458B83 /* Build configuration list for PBXNativeTarget "Nano Challenge 2UITests" */ = {
			isa = XCConfigurationList;
			buildConfigurations = (
				E152C3B62889478800458B83 /* Debug */,
				E152C3B72889478800458B83 /* Release */,
			);
			defaultConfigurationIsVisible = 0;
			defaultConfigurationName = Release;
		};
/* End XCConfigurationList section */
	};
	rootObject = E152C3832889478600458B83 /* Project object */;
}
